
Microsoft Visual Studio Solution File, Format Version 12.00
# Visual Studio Version 17
VisualStudioVersion = 17.9.34414.90
MinimumVisualStudioVersion = 10.0.40219.1
Project("{2150E333-8FDC-42A3-9474-1A3956D46DE8}") = "core", "core", "{CB796284-E5F8-4096-9505-C9EDAD65DFBB}"
EndProject
Project("{9A19103F-16F7-4668-BE54-9A1E7A4F7556}") = "Air.Cloud.Core", "src\core\Air.Cloud.Core\Air.Cloud.Core.csproj", "{05126575-EB48-4320-8D71-99BD80DFF8E9}"
EndProject
Project("{2150E333-8FDC-42A3-9474-1A3956D46DE8}") = "plugins", "plugins", "{AD3B7CC8-BCB3-443E-AD33-FE9E1A4806FB}"
EndProject
Project("{9A19103F-16F7-4668-BE54-9A1E7A4F7556}") = "Air.Cloud.WebApp", "src\core\Air.Cloud.WebApp\Air.Cloud.WebApp.csproj", "{1EB5D27F-3A34-4F12-8FCA-8DF0ABCBCC57}"
EndProject
Project("{9A19103F-16F7-4668-BE54-9A1E7A4F7556}") = "Air.Cloud.DataBase", "src\core\Air.Cloud.DataBase\Air.Cloud.DataBase.csproj", "{677BDD1E-EB22-4927-AA46-5508BD983633}"
EndProject
Project("{9A19103F-16F7-4668-BE54-9A1E7A4F7556}") = "Air.Cloud.Plugins.Jwt", "src\plugins\Air.Cloud.Plugins.Jwt\Air.Cloud.Plugins.Jwt.csproj", "{F302A20A-72BE-4592-98C7-0060F0C8D28E}"
EndProject
Project("{9A19103F-16F7-4668-BE54-9A1E7A4F7556}") = "Air.Cloud.Modules.RedisCache", "src\modules\Air.Cloud.Modules.RedisCache\Air.Cloud.Modules.RedisCache.csproj", "{A1393067-1DAD-48E9-B119-858DC29BF987}"
EndProject
Project("{2150E333-8FDC-42A3-9474-1A3956D46DE8}") = "modules", "modules", "{0FDF11BF-24A1-4AFD-A195-104EAD599359}"
EndProject
Project("{2150E333-8FDC-42A3-9474-1A3956D46DE8}") = "unit", "unit", "{BC754CD2-0822-4F0B-B082-49E5A60D65CF}"
EndProject
Project("{9A19103F-16F7-4668-BE54-9A1E7A4F7556}") = "unit.webapp.common", "test\unit.webapp\unit.webapp.common\unit.webapp.common.csproj", "{C0F9B823-B7D3-4132-BD81-5E6B1C29CA57}"
EndProject
Project("{9A19103F-16F7-4668-BE54-9A1E7A4F7556}") = "unit.webapp.domain", "test\unit.webapp\unit.webapp.domain\unit.webapp.domain.csproj", "{6D0E93B5-6B9B-477B-A1E7-52E1F4915D83}"
EndProject
Project("{9A19103F-16F7-4668-BE54-9A1E7A4F7556}") = "unit.webapp.entry", "test\unit.webapp\unit.webapp.entry\unit.webapp.entry.csproj", "{26BE5013-C9CE-499B-A8A9-26AF6D0ADE88}"
EndProject
Project("{9A19103F-16F7-4668-BE54-9A1E7A4F7556}") = "unit.webapp.model", "test\unit.webapp\unit.webapp.model\unit.webapp.model.csproj", "{C929C852-3001-4B1F-9EF3-61D533B54F56}"
EndProject
Project("{9A19103F-16F7-4668-BE54-9A1E7A4F7556}") = "unit.webapp.repository", "test\unit.webapp\unit.webapp.repository\unit.webapp.repository.csproj", "{D9B85434-91E5-4F51-A4C5-8D781836B625}"
EndProject
Project("{9A19103F-16F7-4668-BE54-9A1E7A4F7556}") = "unit.webapp.service", "test\unit.webapp\unit.webapp.service\unit.webapp.service.csproj", "{98818BD5-6F28-4AAD-9653-36EA12759E85}"
EndProject
Project("{9A19103F-16F7-4668-BE54-9A1E7A4F7556}") = "Air.Cloud.Plugins.SpecificationDocument", "src\plugins\Air.Cloud.Plugins.SpecificationDocument\Air.Cloud.Plugins.SpecificationDocument.csproj", "{6A022E95-73C4-4005-96B6-AF37CC36D48E}"
EndProject
Project("{9A19103F-16F7-4668-BE54-9A1E7A4F7556}") = "Air.Cloud.Core.Extensions", "src\extensions\Air.Cloud.Core.Extensions\Air.Cloud.Core.Extensions.csproj", "{0D5DB7FF-7A70-4B04-982B-3142BDDC48F8}"
EndProject
Project("{9A19103F-16F7-4668-BE54-9A1E7A4F7556}") = "Air.Cloud.Modules.Consul", "src\modules\Air.Cloud.Modules.Consul\Air.Cloud.Modules.Consul.csproj", "{F73F997E-B17B-4156-9E54-52CF13835FA1}"
EndProject
Project("{2150E333-8FDC-42A3-9474-1A3956D46DE8}") = "extensions", "extensions", "{C2F6AEE9-69D9-4DA4-A033-C720523AC50E}"
EndProject
Project("{9A19103F-16F7-4668-BE54-9A1E7A4F7556}") = "Air.Cloud.HostApp", "src\core\Air.Cloud.HostApp\Air.Cloud.HostApp.csproj", "{53E326B7-2425-4AF5-A449-9E03056AF2B5}"
EndProject
Project("{2150E333-8FDC-42A3-9474-1A3956D46DE8}") = "db", "db", "{D893CAA4-4D00-4A9E-9BA2-CA5273F46E5E}"
EndProject
Project("{2150E333-8FDC-42A3-9474-1A3956D46DE8}") = "docengine", "docengine", "{6E25F8D1-C9D0-4933-918C-CD6E39C45ACA}"
EndProject
Project("{9A19103F-16F7-4668-BE54-9A1E7A4F7556}") = "Air.Cloud.DocEngine", "test\doc.engine\Air.Cloud.DocEngine\Air.Cloud.DocEngine.csproj", "{8A8959E0-660A-430D-81EA-2BBC72044349}"
EndProject
Project("{9A19103F-16F7-4668-BE54-9A1E7A4F7556}") = "Air.Cloud.Modules.Taxin", "src\modules\Air.Cloud.Modules.Taxin\Air.Cloud.Modules.Taxin.csproj", "{82B4203D-733F-47D6-A24A-6E1FC694668E}"
EndProject
Project("{9A19103F-16F7-4668-BE54-9A1E7A4F7556}") = "unit.taxinserver.entry", "test\unit.taxin\unit.taxinserver.entry\unit.taxinserver.entry.csproj", "{86E8E256-0D60-42A8-9F47-6897E32DFA6D}"
EndProject
Project("{2150E333-8FDC-42A3-9474-1A3956D46DE8}") = "taxin", "taxin", "{5C3611D9-2EB3-4471-94AD-4E452079B09E}"
EndProject
Project("{9A19103F-16F7-4668-BE54-9A1E7A4F7556}") = "unit.taxinclient.entry", "test\unit.taxin\unit.taxinclient.entry\unit.taxinclient.entry.csproj", "{9828467F-38D0-414D-8BD5-6ECF3D17810A}"
EndProject
Project("{9A19103F-16F7-4668-BE54-9A1E7A4F7556}") = "Air.Cloud.Modules.SkyWalking", "src\modules\Air.Cloud.Modules.SkyWalking\Air.Cloud.Modules.SkyWalking.csproj", "{98E42521-CFBC-44E1-A4FF-697F12E66A5F}"
EndProject
Project("{2150E333-8FDC-42A3-9474-1A3956D46DE8}") = "skywalking", "skywalking", "{BB9F97B6-D61E-425A-8F50-741BB870AD82}"
EndProject
Project("{9A19103F-16F7-4668-BE54-9A1E7A4F7556}") = "unit.skywlking.entry", "test\unit.skywlking.entry\unit.skywlking.entry.csproj", "{BB6D8E0D-A2D5-41D0-B331-6215C17A6C9B}"
EndProject
Project("{9A19103F-16F7-4668-BE54-9A1E7A4F7556}") = "Air.Cloud.Modules.Ocelot", "src\modules\Air.Cloud.Modules.Ocelot\Air.Cloud.Modules.Ocelot.csproj", "{CEB68D0D-800F-4A44-A05D-82D7401ED125}"
EndProject
Project("{2150E333-8FDC-42A3-9474-1A3956D46DE8}") = "Server", "Server", "{0DA26B06-315D-46F3-93FB-C5312EACE7BC}"
EndProject
Project("{9A19103F-16F7-4668-BE54-9A1E7A4F7556}") = "Air.Cloud.Modules.Docker", "src\modules\Air.Cloud.Modules.Docker\Air.Cloud.Modules.Docker.csproj", "{B4ED86F3-9CB2-41D0-B69A-EA7F66A27109}"
EndProject
Project("{2150E333-8FDC-42A3-9474-1A3956D46DE8}") = "docker", "docker", "{A3F79E67-47CB-4D8A-8D43-61EE2355A5A2}"
EndProject
Project("{9A19103F-16F7-4668-BE54-9A1E7A4F7556}") = "unit.docker.entry", "test\unit.docker.entry\unit.docker.entry.csproj", "{D11A647C-15DE-412D-AE96-915F0EBE2E9B}"
EndProject
Project("{9A19103F-16F7-4668-BE54-9A1E7A4F7556}") = "Air.Cloud.Modules.Kafka", "src\modules\Air.Cloud.Modules.Kafka\Air.Cloud.Modules.Kafka.csproj", "{320EDEA2-D18F-44EE-846D-78354CC87317}"
EndProject
Project("{9A19103F-16F7-4668-BE54-9A1E7A4F7556}") = "Air.Cloud.Modules.IIS", "src\modules\Air.Cloud.Modules.IIS\Air.Cloud.Modules.IIS.csproj", "{CE045DCF-7C0B-4F38-B51E-F3B88C43DFE6}"
EndProject
Project("{2150E333-8FDC-42A3-9474-1A3956D46DE8}") = "Container", "Container", "{8C6B2A53-3EAD-410A-AA38-C91C878DD236}"
	ProjectSection(SolutionItems) = preProject
		Readme.txt = Readme.txt
	EndProjectSection
EndProject
Project("{9A19103F-16F7-4668-BE54-9A1E7A4F7556}") = "unit.kafaka.client.entry", "test\unit.kafaka.client.entry\unit.kafaka.client.entry.csproj", "{B73CFDA2-A821-4FD1-91C3-DC3FA636C9B3}"
EndProject
Project("{2150E333-8FDC-42A3-9474-1A3956D46DE8}") = "kafka", "kafka", "{8D432D20-DBF4-4327-B1E8-6F0661BF535B}"
EndProject
Project("{9A19103F-16F7-4668-BE54-9A1E7A4F7556}") = "unit.kafaka.server.entry", "test\unit.kafaka.server.entry\unit.kafaka.server.entry.csproj", "{7FB78061-B66A-458E-9F8F-3FB4357AF40F}"
EndProject
Project("{9A19103F-16F7-4668-BE54-9A1E7A4F7556}") = "Air.Cloud.Modules.Quartz", "src\modules\Air.Cloud.Modules.Quartz\Air.Cloud.Modules.Quartz.csproj", "{EE1F9847-64D9-4B42-93CE-65D33C118A12}"
EndProject
Project("{9A19103F-16F7-4668-BE54-9A1E7A4F7556}") = "Air.Cloud.Modules.Akka", "src\modules\Air.Cloud.Modules.Akka\Air.Cloud.Modules.Akka.csproj", "{0EADFAD0-40C4-4F8C-A32B-3653B7630650}"
EndProject
Project("{9A19103F-16F7-4668-BE54-9A1E7A4F7556}") = "Air.Cloud.DataBase.SqlLite", "src\db\Air.Cloud.DataBase.SqlLite\Air.Cloud.DataBase.SqlLite.csproj", "{2D5AB973-E7BE-4E59-9C85-D0AA8CCEEA64}"
EndProject
Project("{9A19103F-16F7-4668-BE54-9A1E7A4F7556}") = "Air.Cloud.DataBase.ElasticSearch", "src\db\Air.Cloud.DataBase.ElasticSearch\Air.Cloud.DataBase.ElasticSearch.csproj", "{6542F444-2946-461D-94E6-C86B0A4F18FC}"
EndProject
Project("{9A19103F-16F7-4668-BE54-9A1E7A4F7556}") = "Air.Cloud.Modules.Nexus", "src\modules\Air.Cloud.Modules.Nexus\Air.Cloud.Modules.Nexus.csproj", "{726447C7-438C-4903-9871-B9058E5F8721}"
EndProject
Project("{2150E333-8FDC-42A3-9474-1A3956D46DE8}") = "susceptor", "susceptor", "{A22CF22D-A9F0-4240-A3A2-157CCFEB0C2E}"
EndProject
Project("{9A19103F-16F7-4668-BE54-9A1E7A4F7556}") = "AirCloud.Susceptor", "src\susceptor\AirCloud.Susceptor\AirCloud.Susceptor.csproj", "{74FE0BBF-DBB6-4E34-A9C2-05BCC6002F96}"
EndProject
Project("{9A19103F-16F7-4668-BE54-9A1E7A4F7556}") = "AirCloud.Susceptor.Client", "src\susceptor\AirCloud.Susceptor.Client\AirCloud.Susceptor.Client.csproj", "{CD65838E-BF31-46F8-91F7-96D7907412BA}"
EndProject
Project("{9A19103F-16F7-4668-BE54-9A1E7A4F7556}") = "Air.Cloud.Modules.Courier", "src\modules\Air.Cloud.Modules.Courier\Air.Cloud.Modules.Courier.csproj", "{E1C0D164-0990-4DF4-B1B5-0773342CC010}"
EndProject
Project("{9A19103F-16F7-4668-BE54-9A1E7A4F7556}") = "Air.Cloud.Plugins.CodeGenerator", "src\plugins\Air.Cloud.Plugins.CodeGenerator\Air.Cloud.Plugins.CodeGenerator.csproj", "{E3FC0874-2E94-4F19-B2DE-8BB6DA596870}"
EndProject
Project("{9A19103F-16F7-4668-BE54-9A1E7A4F7556}") = "Air.Cloud.UnitTest", "test\Air.Cloud.UnitTest\Air.Cloud.UnitTest.csproj", "{00865320-1E31-42B7-8BD5-CBB230C57CD5}"
EndProject
Global
	GlobalSection(SolutionConfigurationPlatforms) = preSolution
		Debug|Any CPU = Debug|Any CPU
		Release|Any CPU = Release|Any CPU
	EndGlobalSection
	GlobalSection(ProjectConfigurationPlatforms) = postSolution
		{05126575-EB48-4320-8D71-99BD80DFF8E9}.Debug|Any CPU.ActiveCfg = Debug|Any CPU
		{05126575-EB48-4320-8D71-99BD80DFF8E9}.Debug|Any CPU.Build.0 = Debug|Any CPU
		{05126575-EB48-4320-8D71-99BD80DFF8E9}.Release|Any CPU.ActiveCfg = Release|Any CPU
		{05126575-EB48-4320-8D71-99BD80DFF8E9}.Release|Any CPU.Build.0 = Release|Any CPU
		{1EB5D27F-3A34-4F12-8FCA-8DF0ABCBCC57}.Debug|Any CPU.ActiveCfg = Debug|Any CPU
		{1EB5D27F-3A34-4F12-8FCA-8DF0ABCBCC57}.Debug|Any CPU.Build.0 = Debug|Any CPU
		{1EB5D27F-3A34-4F12-8FCA-8DF0ABCBCC57}.Release|Any CPU.ActiveCfg = Release|Any CPU
		{1EB5D27F-3A34-4F12-8FCA-8DF0ABCBCC57}.Release|Any CPU.Build.0 = Release|Any CPU
		{677BDD1E-EB22-4927-AA46-5508BD983633}.Debug|Any CPU.ActiveCfg = Debug|Any CPU
		{677BDD1E-EB22-4927-AA46-5508BD983633}.Debug|Any CPU.Build.0 = Debug|Any CPU
		{677BDD1E-EB22-4927-AA46-5508BD983633}.Release|Any CPU.ActiveCfg = Release|Any CPU
		{677BDD1E-EB22-4927-AA46-5508BD983633}.Release|Any CPU.Build.0 = Release|Any CPU
		{F302A20A-72BE-4592-98C7-0060F0C8D28E}.Debug|Any CPU.ActiveCfg = Debug|Any CPU
		{F302A20A-72BE-4592-98C7-0060F0C8D28E}.Debug|Any CPU.Build.0 = Debug|Any CPU
		{F302A20A-72BE-4592-98C7-0060F0C8D28E}.Release|Any CPU.ActiveCfg = Release|Any CPU
		{F302A20A-72BE-4592-98C7-0060F0C8D28E}.Release|Any CPU.Build.0 = Release|Any CPU
		{A1393067-1DAD-48E9-B119-858DC29BF987}.Debug|Any CPU.ActiveCfg = Debug|Any CPU
		{A1393067-1DAD-48E9-B119-858DC29BF987}.Debug|Any CPU.Build.0 = Debug|Any CPU
		{A1393067-1DAD-48E9-B119-858DC29BF987}.Release|Any CPU.ActiveCfg = Release|Any CPU
		{A1393067-1DAD-48E9-B119-858DC29BF987}.Release|Any CPU.Build.0 = Release|Any CPU
		{C0F9B823-B7D3-4132-BD81-5E6B1C29CA57}.Debug|Any CPU.ActiveCfg = Debug|Any CPU
		{C0F9B823-B7D3-4132-BD81-5E6B1C29CA57}.Debug|Any CPU.Build.0 = Debug|Any CPU
		{C0F9B823-B7D3-4132-BD81-5E6B1C29CA57}.Release|Any CPU.ActiveCfg = Release|Any CPU
		{C0F9B823-B7D3-4132-BD81-5E6B1C29CA57}.Release|Any CPU.Build.0 = Release|Any CPU
		{6D0E93B5-6B9B-477B-A1E7-52E1F4915D83}.Debug|Any CPU.ActiveCfg = Debug|Any CPU
		{6D0E93B5-6B9B-477B-A1E7-52E1F4915D83}.Debug|Any CPU.Build.0 = Debug|Any CPU
		{6D0E93B5-6B9B-477B-A1E7-52E1F4915D83}.Release|Any CPU.ActiveCfg = Release|Any CPU
		{6D0E93B5-6B9B-477B-A1E7-52E1F4915D83}.Release|Any CPU.Build.0 = Release|Any CPU
		{26BE5013-C9CE-499B-A8A9-26AF6D0ADE88}.Debug|Any CPU.ActiveCfg = Debug|Any CPU
		{26BE5013-C9CE-499B-A8A9-26AF6D0ADE88}.Debug|Any CPU.Build.0 = Debug|Any CPU
		{26BE5013-C9CE-499B-A8A9-26AF6D0ADE88}.Release|Any CPU.ActiveCfg = Release|Any CPU
		{26BE5013-C9CE-499B-A8A9-26AF6D0ADE88}.Release|Any CPU.Build.0 = Release|Any CPU
		{C929C852-3001-4B1F-9EF3-61D533B54F56}.Debug|Any CPU.ActiveCfg = Debug|Any CPU
		{C929C852-3001-4B1F-9EF3-61D533B54F56}.Debug|Any CPU.Build.0 = Debug|Any CPU
		{C929C852-3001-4B1F-9EF3-61D533B54F56}.Release|Any CPU.ActiveCfg = Release|Any CPU
		{C929C852-3001-4B1F-9EF3-61D533B54F56}.Release|Any CPU.Build.0 = Release|Any CPU
		{D9B85434-91E5-4F51-A4C5-8D781836B625}.Debug|Any CPU.ActiveCfg = Debug|Any CPU
		{D9B85434-91E5-4F51-A4C5-8D781836B625}.Debug|Any CPU.Build.0 = Debug|Any CPU
		{D9B85434-91E5-4F51-A4C5-8D781836B625}.Release|Any CPU.ActiveCfg = Release|Any CPU
		{D9B85434-91E5-4F51-A4C5-8D781836B625}.Release|Any CPU.Build.0 = Release|Any CPU
		{98818BD5-6F28-4AAD-9653-36EA12759E85}.Debug|Any CPU.ActiveCfg = Debug|Any CPU
		{98818BD5-6F28-4AAD-9653-36EA12759E85}.Debug|Any CPU.Build.0 = Debug|Any CPU
		{98818BD5-6F28-4AAD-9653-36EA12759E85}.Release|Any CPU.ActiveCfg = Release|Any CPU
		{98818BD5-6F28-4AAD-9653-36EA12759E85}.Release|Any CPU.Build.0 = Release|Any CPU
		{6A022E95-73C4-4005-96B6-AF37CC36D48E}.Debug|Any CPU.ActiveCfg = Debug|Any CPU
		{6A022E95-73C4-4005-96B6-AF37CC36D48E}.Debug|Any CPU.Build.0 = Debug|Any CPU
		{6A022E95-73C4-4005-96B6-AF37CC36D48E}.Release|Any CPU.ActiveCfg = Release|Any CPU
		{6A022E95-73C4-4005-96B6-AF37CC36D48E}.Release|Any CPU.Build.0 = Release|Any CPU
		{0D5DB7FF-7A70-4B04-982B-3142BDDC48F8}.Debug|Any CPU.ActiveCfg = Debug|Any CPU
		{0D5DB7FF-7A70-4B04-982B-3142BDDC48F8}.Debug|Any CPU.Build.0 = Debug|Any CPU
		{0D5DB7FF-7A70-4B04-982B-3142BDDC48F8}.Release|Any CPU.ActiveCfg = Release|Any CPU
		{0D5DB7FF-7A70-4B04-982B-3142BDDC48F8}.Release|Any CPU.Build.0 = Release|Any CPU
		{F73F997E-B17B-4156-9E54-52CF13835FA1}.Debug|Any CPU.ActiveCfg = Debug|Any CPU
		{F73F997E-B17B-4156-9E54-52CF13835FA1}.Debug|Any CPU.Build.0 = Debug|Any CPU
		{F73F997E-B17B-4156-9E54-52CF13835FA1}.Release|Any CPU.ActiveCfg = Release|Any CPU
		{F73F997E-B17B-4156-9E54-52CF13835FA1}.Release|Any CPU.Build.0 = Release|Any CPU
		{53E326B7-2425-4AF5-A449-9E03056AF2B5}.Debug|Any CPU.ActiveCfg = Debug|Any CPU
		{53E326B7-2425-4AF5-A449-9E03056AF2B5}.Debug|Any CPU.Build.0 = Debug|Any CPU
		{53E326B7-2425-4AF5-A449-9E03056AF2B5}.Release|Any CPU.ActiveCfg = Release|Any CPU
		{53E326B7-2425-4AF5-A449-9E03056AF2B5}.Release|Any CPU.Build.0 = Release|Any CPU
		{8A8959E0-660A-430D-81EA-2BBC72044349}.Debug|Any CPU.ActiveCfg = Debug|Any CPU
		{8A8959E0-660A-430D-81EA-2BBC72044349}.Debug|Any CPU.Build.0 = Debug|Any CPU
		{8A8959E0-660A-430D-81EA-2BBC72044349}.Release|Any CPU.ActiveCfg = Release|Any CPU
		{8A8959E0-660A-430D-81EA-2BBC72044349}.Release|Any CPU.Build.0 = Release|Any CPU
		{82B4203D-733F-47D6-A24A-6E1FC694668E}.Debug|Any CPU.ActiveCfg = Debug|Any CPU
		{82B4203D-733F-47D6-A24A-6E1FC694668E}.Debug|Any CPU.Build.0 = Debug|Any CPU
		{82B4203D-733F-47D6-A24A-6E1FC694668E}.Release|Any CPU.ActiveCfg = Release|Any CPU
		{82B4203D-733F-47D6-A24A-6E1FC694668E}.Release|Any CPU.Build.0 = Release|Any CPU
		{86E8E256-0D60-42A8-9F47-6897E32DFA6D}.Debug|Any CPU.ActiveCfg = Debug|Any CPU
		{86E8E256-0D60-42A8-9F47-6897E32DFA6D}.Debug|Any CPU.Build.0 = Debug|Any CPU
		{86E8E256-0D60-42A8-9F47-6897E32DFA6D}.Release|Any CPU.ActiveCfg = Release|Any CPU
		{86E8E256-0D60-42A8-9F47-6897E32DFA6D}.Release|Any CPU.Build.0 = Release|Any CPU
		{9828467F-38D0-414D-8BD5-6ECF3D17810A}.Debug|Any CPU.ActiveCfg = Debug|Any CPU
		{9828467F-38D0-414D-8BD5-6ECF3D17810A}.Debug|Any CPU.Build.0 = Debug|Any CPU
		{9828467F-38D0-414D-8BD5-6ECF3D17810A}.Release|Any CPU.ActiveCfg = Release|Any CPU
		{9828467F-38D0-414D-8BD5-6ECF3D17810A}.Release|Any CPU.Build.0 = Release|Any CPU
		{98E42521-CFBC-44E1-A4FF-697F12E66A5F}.Debug|Any CPU.ActiveCfg = Debug|Any CPU
		{98E42521-CFBC-44E1-A4FF-697F12E66A5F}.Debug|Any CPU.Build.0 = Debug|Any CPU
		{98E42521-CFBC-44E1-A4FF-697F12E66A5F}.Release|Any CPU.ActiveCfg = Release|Any CPU
		{98E42521-CFBC-44E1-A4FF-697F12E66A5F}.Release|Any CPU.Build.0 = Release|Any CPU
		{BB6D8E0D-A2D5-41D0-B331-6215C17A6C9B}.Debug|Any CPU.ActiveCfg = Debug|Any CPU
		{BB6D8E0D-A2D5-41D0-B331-6215C17A6C9B}.Debug|Any CPU.Build.0 = Debug|Any CPU
		{BB6D8E0D-A2D5-41D0-B331-6215C17A6C9B}.Release|Any CPU.ActiveCfg = Release|Any CPU
		{BB6D8E0D-A2D5-41D0-B331-6215C17A6C9B}.Release|Any CPU.Build.0 = Release|Any CPU
		{CEB68D0D-800F-4A44-A05D-82D7401ED125}.Debug|Any CPU.ActiveCfg = Debug|Any CPU
		{CEB68D0D-800F-4A44-A05D-82D7401ED125}.Debug|Any CPU.Build.0 = Debug|Any CPU
		{CEB68D0D-800F-4A44-A05D-82D7401ED125}.Release|Any CPU.ActiveCfg = Release|Any CPU
		{CEB68D0D-800F-4A44-A05D-82D7401ED125}.Release|Any CPU.Build.0 = Release|Any CPU
		{B4ED86F3-9CB2-41D0-B69A-EA7F66A27109}.Debug|Any CPU.ActiveCfg = Debug|Any CPU
		{B4ED86F3-9CB2-41D0-B69A-EA7F66A27109}.Debug|Any CPU.Build.0 = Debug|Any CPU
		{B4ED86F3-9CB2-41D0-B69A-EA7F66A27109}.Release|Any CPU.ActiveCfg = Release|Any CPU
		{B4ED86F3-9CB2-41D0-B69A-EA7F66A27109}.Release|Any CPU.Build.0 = Release|Any CPU
		{D11A647C-15DE-412D-AE96-915F0EBE2E9B}.Debug|Any CPU.ActiveCfg = Debug|Any CPU
		{D11A647C-15DE-412D-AE96-915F0EBE2E9B}.Debug|Any CPU.Build.0 = Debug|Any CPU
		{D11A647C-15DE-412D-AE96-915F0EBE2E9B}.Release|Any CPU.ActiveCfg = Release|Any CPU
		{D11A647C-15DE-412D-AE96-915F0EBE2E9B}.Release|Any CPU.Build.0 = Release|Any CPU
		{320EDEA2-D18F-44EE-846D-78354CC87317}.Debug|Any CPU.ActiveCfg = Debug|Any CPU
		{320EDEA2-D18F-44EE-846D-78354CC87317}.Debug|Any CPU.Build.0 = Debug|Any CPU
		{320EDEA2-D18F-44EE-846D-78354CC87317}.Release|Any CPU.ActiveCfg = Release|Any CPU
		{320EDEA2-D18F-44EE-846D-78354CC87317}.Release|Any CPU.Build.0 = Release|Any CPU
		{CE045DCF-7C0B-4F38-B51E-F3B88C43DFE6}.Debug|Any CPU.ActiveCfg = Debug|Any CPU
		{CE045DCF-7C0B-4F38-B51E-F3B88C43DFE6}.Debug|Any CPU.Build.0 = Debug|Any CPU
		{CE045DCF-7C0B-4F38-B51E-F3B88C43DFE6}.Release|Any CPU.ActiveCfg = Release|Any CPU
		{CE045DCF-7C0B-4F38-B51E-F3B88C43DFE6}.Release|Any CPU.Build.0 = Release|Any CPU
		{B73CFDA2-A821-4FD1-91C3-DC3FA636C9B3}.Debug|Any CPU.ActiveCfg = Debug|Any CPU
		{B73CFDA2-A821-4FD1-91C3-DC3FA636C9B3}.Debug|Any CPU.Build.0 = Debug|Any CPU
		{B73CFDA2-A821-4FD1-91C3-DC3FA636C9B3}.Release|Any CPU.ActiveCfg = Release|Any CPU
		{B73CFDA2-A821-4FD1-91C3-DC3FA636C9B3}.Release|Any CPU.Build.0 = Release|Any CPU
		{7FB78061-B66A-458E-9F8F-3FB4357AF40F}.Debug|Any CPU.ActiveCfg = Debug|Any CPU
		{7FB78061-B66A-458E-9F8F-3FB4357AF40F}.Debug|Any CPU.Build.0 = Debug|Any CPU
		{7FB78061-B66A-458E-9F8F-3FB4357AF40F}.Release|Any CPU.ActiveCfg = Release|Any CPU
		{7FB78061-B66A-458E-9F8F-3FB4357AF40F}.Release|Any CPU.Build.0 = Release|Any CPU
		{EE1F9847-64D9-4B42-93CE-65D33C118A12}.Debug|Any CPU.ActiveCfg = Debug|Any CPU
		{EE1F9847-64D9-4B42-93CE-65D33C118A12}.Debug|Any CPU.Build.0 = Debug|Any CPU
		{EE1F9847-64D9-4B42-93CE-65D33C118A12}.Release|Any CPU.ActiveCfg = Release|Any CPU
		{EE1F9847-64D9-4B42-93CE-65D33C118A12}.Release|Any CPU.Build.0 = Release|Any CPU
		{0EADFAD0-40C4-4F8C-A32B-3653B7630650}.Debug|Any CPU.ActiveCfg = Debug|Any CPU
		{0EADFAD0-40C4-4F8C-A32B-3653B7630650}.Debug|Any CPU.Build.0 = Debug|Any CPU
		{0EADFAD0-40C4-4F8C-A32B-3653B7630650}.Release|Any CPU.ActiveCfg = Release|Any CPU
		{0EADFAD0-40C4-4F8C-A32B-3653B7630650}.Release|Any CPU.Build.0 = Release|Any CPU
		{2D5AB973-E7BE-4E59-9C85-D0AA8CCEEA64}.Debug|Any CPU.ActiveCfg = Debug|Any CPU
		{2D5AB973-E7BE-4E59-9C85-D0AA8CCEEA64}.Debug|Any CPU.Build.0 = Debug|Any CPU
		{2D5AB973-E7BE-4E59-9C85-D0AA8CCEEA64}.Release|Any CPU.ActiveCfg = Release|Any CPU
		{2D5AB973-E7BE-4E59-9C85-D0AA8CCEEA64}.Release|Any CPU.Build.0 = Release|Any CPU
		{6542F444-2946-461D-94E6-C86B0A4F18FC}.Debug|Any CPU.ActiveCfg = Debug|Any CPU
		{6542F444-2946-461D-94E6-C86B0A4F18FC}.Debug|Any CPU.Build.0 = Debug|Any CPU
		{6542F444-2946-461D-94E6-C86B0A4F18FC}.Release|Any CPU.ActiveCfg = Release|Any CPU
		{6542F444-2946-461D-94E6-C86B0A4F18FC}.Release|Any CPU.Build.0 = Release|Any CPU
		{726447C7-438C-4903-9871-B9058E5F8721}.Debug|Any CPU.ActiveCfg = Debug|Any CPU
		{726447C7-438C-4903-9871-B9058E5F8721}.Debug|Any CPU.Build.0 = Debug|Any CPU
		{726447C7-438C-4903-9871-B9058E5F8721}.Release|Any CPU.ActiveCfg = Release|Any CPU
		{726447C7-438C-4903-9871-B9058E5F8721}.Release|Any CPU.Build.0 = Release|Any CPU
		{74FE0BBF-DBB6-4E34-A9C2-05BCC6002F96}.Debug|Any CPU.ActiveCfg = Debug|Any CPU
		{74FE0BBF-DBB6-4E34-A9C2-05BCC6002F96}.Debug|Any CPU.Build.0 = Debug|Any CPU
		{74FE0BBF-DBB6-4E34-A9C2-05BCC6002F96}.Release|Any CPU.ActiveCfg = Release|Any CPU
		{74FE0BBF-DBB6-4E34-A9C2-05BCC6002F96}.Release|Any CPU.Build.0 = Release|Any CPU
		{CD65838E-BF31-46F8-91F7-96D7907412BA}.Debug|Any CPU.ActiveCfg = Debug|Any CPU
		{CD65838E-BF31-46F8-91F7-96D7907412BA}.Debug|Any CPU.Build.0 = Debug|Any CPU
		{CD65838E-BF31-46F8-91F7-96D7907412BA}.Release|Any CPU.ActiveCfg = Release|Any CPU
		{CD65838E-BF31-46F8-91F7-96D7907412BA}.Release|Any CPU.Build.0 = Release|Any CPU
		{E1C0D164-0990-4DF4-B1B5-0773342CC010}.Debug|Any CPU.ActiveCfg = Debug|Any CPU
		{E1C0D164-0990-4DF4-B1B5-0773342CC010}.Debug|Any CPU.Build.0 = Debug|Any CPU
		{E1C0D164-0990-4DF4-B1B5-0773342CC010}.Release|Any CPU.ActiveCfg = Release|Any CPU
		{E1C0D164-0990-4DF4-B1B5-0773342CC010}.Release|Any CPU.Build.0 = Release|Any CPU
		{E3FC0874-2E94-4F19-B2DE-8BB6DA596870}.Debug|Any CPU.ActiveCfg = Debug|Any CPU
		{E3FC0874-2E94-4F19-B2DE-8BB6DA596870}.Debug|Any CPU.Build.0 = Debug|Any CPU
		{E3FC0874-2E94-4F19-B2DE-8BB6DA596870}.Release|Any CPU.ActiveCfg = Release|Any CPU
		{E3FC0874-2E94-4F19-B2DE-8BB6DA596870}.Release|Any CPU.Build.0 = Release|Any CPU
		{00865320-1E31-42B7-8BD5-CBB230C57CD5}.Debug|Any CPU.ActiveCfg = Debug|Any CPU
		{00865320-1E31-42B7-8BD5-CBB230C57CD5}.Debug|Any CPU.Build.0 = Debug|Any CPU
		{00865320-1E31-42B7-8BD5-CBB230C57CD5}.Release|Any CPU.ActiveCfg = Release|Any CPU
		{00865320-1E31-42B7-8BD5-CBB230C57CD5}.Release|Any CPU.Build.0 = Release|Any CPU
	EndGlobalSection
	GlobalSection(SolutionProperties) = preSolution
		HideSolutionNode = FALSE
	EndGlobalSection
	GlobalSection(NestedProjects) = preSolution
		{05126575-EB48-4320-8D71-99BD80DFF8E9} = {CB796284-E5F8-4096-9505-C9EDAD65DFBB}
		{1EB5D27F-3A34-4F12-8FCA-8DF0ABCBCC57} = {CB796284-E5F8-4096-9505-C9EDAD65DFBB}
		{677BDD1E-EB22-4927-AA46-5508BD983633} = {D893CAA4-4D00-4A9E-9BA2-CA5273F46E5E}
		{F302A20A-72BE-4592-98C7-0060F0C8D28E} = {AD3B7CC8-BCB3-443E-AD33-FE9E1A4806FB}
		{A1393067-1DAD-48E9-B119-858DC29BF987} = {0FDF11BF-24A1-4AFD-A195-104EAD599359}
		{C0F9B823-B7D3-4132-BD81-5E6B1C29CA57} = {BC754CD2-0822-4F0B-B082-49E5A60D65CF}
		{6D0E93B5-6B9B-477B-A1E7-52E1F4915D83} = {BC754CD2-0822-4F0B-B082-49E5A60D65CF}
		{26BE5013-C9CE-499B-A8A9-26AF6D0ADE88} = {BC754CD2-0822-4F0B-B082-49E5A60D65CF}
		{C929C852-3001-4B1F-9EF3-61D533B54F56} = {BC754CD2-0822-4F0B-B082-49E5A60D65CF}
		{D9B85434-91E5-4F51-A4C5-8D781836B625} = {BC754CD2-0822-4F0B-B082-49E5A60D65CF}
		{98818BD5-6F28-4AAD-9653-36EA12759E85} = {BC754CD2-0822-4F0B-B082-49E5A60D65CF}
		{6A022E95-73C4-4005-96B6-AF37CC36D48E} = {AD3B7CC8-BCB3-443E-AD33-FE9E1A4806FB}
		{0D5DB7FF-7A70-4B04-982B-3142BDDC48F8} = {C2F6AEE9-69D9-4DA4-A033-C720523AC50E}
		{F73F997E-B17B-4156-9E54-52CF13835FA1} = {0FDF11BF-24A1-4AFD-A195-104EAD599359}
		{53E326B7-2425-4AF5-A449-9E03056AF2B5} = {CB796284-E5F8-4096-9505-C9EDAD65DFBB}
		{6E25F8D1-C9D0-4933-918C-CD6E39C45ACA} = {BC754CD2-0822-4F0B-B082-49E5A60D65CF}
		{8A8959E0-660A-430D-81EA-2BBC72044349} = {6E25F8D1-C9D0-4933-918C-CD6E39C45ACA}
		{82B4203D-733F-47D6-A24A-6E1FC694668E} = {0FDF11BF-24A1-4AFD-A195-104EAD599359}
		{86E8E256-0D60-42A8-9F47-6897E32DFA6D} = {5C3611D9-2EB3-4471-94AD-4E452079B09E}
		{5C3611D9-2EB3-4471-94AD-4E452079B09E} = {BC754CD2-0822-4F0B-B082-49E5A60D65CF}
		{9828467F-38D0-414D-8BD5-6ECF3D17810A} = {5C3611D9-2EB3-4471-94AD-4E452079B09E}
		{98E42521-CFBC-44E1-A4FF-697F12E66A5F} = {0FDF11BF-24A1-4AFD-A195-104EAD599359}
		{BB9F97B6-D61E-425A-8F50-741BB870AD82} = {BC754CD2-0822-4F0B-B082-49E5A60D65CF}
		{BB6D8E0D-A2D5-41D0-B331-6215C17A6C9B} = {BB9F97B6-D61E-425A-8F50-741BB870AD82}
		{CEB68D0D-800F-4A44-A05D-82D7401ED125} = {0FDF11BF-24A1-4AFD-A195-104EAD599359}
		{B4ED86F3-9CB2-41D0-B69A-EA7F66A27109} = {8C6B2A53-3EAD-410A-AA38-C91C878DD236}
		{A3F79E67-47CB-4D8A-8D43-61EE2355A5A2} = {BC754CD2-0822-4F0B-B082-49E5A60D65CF}
		{D11A647C-15DE-412D-AE96-915F0EBE2E9B} = {A3F79E67-47CB-4D8A-8D43-61EE2355A5A2}
		{320EDEA2-D18F-44EE-846D-78354CC87317} = {0FDF11BF-24A1-4AFD-A195-104EAD599359}
		{CE045DCF-7C0B-4F38-B51E-F3B88C43DFE6} = {8C6B2A53-3EAD-410A-AA38-C91C878DD236}
		{8C6B2A53-3EAD-410A-AA38-C91C878DD236} = {0FDF11BF-24A1-4AFD-A195-104EAD599359}
		{B73CFDA2-A821-4FD1-91C3-DC3FA636C9B3} = {8D432D20-DBF4-4327-B1E8-6F0661BF535B}
		{8D432D20-DBF4-4327-B1E8-6F0661BF535B} = {BC754CD2-0822-4F0B-B082-49E5A60D65CF}
		{7FB78061-B66A-458E-9F8F-3FB4357AF40F} = {8D432D20-DBF4-4327-B1E8-6F0661BF535B}
		{EE1F9847-64D9-4B42-93CE-65D33C118A12} = {0FDF11BF-24A1-4AFD-A195-104EAD599359}
		{0EADFAD0-40C4-4F8C-A32B-3653B7630650} = {0FDF11BF-24A1-4AFD-A195-104EAD599359}
		{2D5AB973-E7BE-4E59-9C85-D0AA8CCEEA64} = {D893CAA4-4D00-4A9E-9BA2-CA5273F46E5E}
		{6542F444-2946-461D-94E6-C86B0A4F18FC} = {D893CAA4-4D00-4A9E-9BA2-CA5273F46E5E}
		{726447C7-438C-4903-9871-B9058E5F8721} = {0FDF11BF-24A1-4AFD-A195-104EAD599359}
		{74FE0BBF-DBB6-4E34-A9C2-05BCC6002F96} = {A22CF22D-A9F0-4240-A3A2-157CCFEB0C2E}
		{CD65838E-BF31-46F8-91F7-96D7907412BA} = {A22CF22D-A9F0-4240-A3A2-157CCFEB0C2E}
		{E1C0D164-0990-4DF4-B1B5-0773342CC010} = {0FDF11BF-24A1-4AFD-A195-104EAD599359}
		{E3FC0874-2E94-4F19-B2DE-8BB6DA596870} = {AD3B7CC8-BCB3-443E-AD33-FE9E1A4806FB}
		{00865320-1E31-42B7-8BD5-CBB230C57CD5} = {BC754CD2-0822-4F0B-B082-49E5A60D65CF}
	EndGlobalSection
	GlobalSection(ExtensibilityGlobals) = postSolution
		SolutionGuid = {CD951757-CD83-4B05-8E7E-76C0555B61FE}
	EndGlobalSection
EndGlobal
